// !$*UTF8*$!
{
	archiveVersion = 1;
	classes = {
	};
	objectVersion = 46;
	objects = {

/* Begin PBXBuildFile section */
		271A83E71DF7982D000831AC /* AppDelegate.swift in Sources */ = {isa = PBXBuildFile; fileRef = 271A83E61DF7982D000831AC /* AppDelegate.swift */; };
		271A83E91DF7982D000831AC /* ViewController.swift in Sources */ = {isa = PBXBuildFile; fileRef = 271A83E81DF7982D000831AC /* ViewController.swift */; };
		271A83EC1DF7982D000831AC /* Main.storyboard in Resources */ = {isa = PBXBuildFile; fileRef = 271A83EA1DF7982D000831AC /* Main.storyboard */; };
		271A83EE1DF7982D000831AC /* Assets.xcassets in Resources */ = {isa = PBXBuildFile; fileRef = 271A83ED1DF7982D000831AC /* Assets.xcassets */; };
		271A83F11DF7982E000831AC /* LaunchScreen.storyboard in Resources */ = {isa = PBXBuildFile; fileRef = 271A83EF1DF7982E000831AC /* LaunchScreen.storyboard */; };
/* End PBXBuildFile section */

/* Begin PBXFileReference section */
		271A83E31DF7982D000831AC /* FindSanta.app */ = {isa = PBXFileReference; explicitFileType = wrapper.application; includeInIndex = 0; path = FindSanta.app; sourceTree = BUILT_PRODUCTS_DIR; };
		271A83E61DF7982D000831AC /* AppDelegate.swift */ = {isa = PBXFileReference; lastKnownFileType = sourcecode.swift; path = AppDelegate.swift; sourceTree = "<group>"; };
		271A83E81DF7982D000831AC /* ViewController.swift */ = {isa = PBXFileReference; lastKnownFileType = sourcecode.swift; path = ViewController.swift; sourceTree = "<group>"; };
		271A83EB1DF7982D000831AC /* Base */ = {isa = PBXFileReference; lastKnownFileType = file.storyboard; name = Base; path = Base.lproj/Main.storyboard; sourceTree = "<group>"; };
		271A83ED1DF7982D000831AC /* Assets.xcassets */ = {isa = PBXFileReference; lastKnownFileType = folder.assetcatalog; path = Assets.xcassets; sourceTree = "<group>"; };
		271A83F01DF7982E000831AC /* Base */ = {isa = PBXFileReference; lastKnownFileType = file.storyboard; name = Base; path = Base.lproj/LaunchScreen.storyboard; sourceTree = "<group>"; };
		271A83F21DF7982E000831AC /* Info.plist */ = {isa = PBXFileReference; lastKnownFileType = text.plist.xml; path = Info.plist; sourceTree = "<group>"; };
/* End PBXFileReference section */

/* Begin PBXFrameworksBuildPhase section */
		271A83E01DF7982D000831AC /* Frameworks */ = {
			isa = PBXFrameworksBuildPhase;
			buildActionMask = 2147483647;
			files = (
			);
			runOnlyForDeploymentPostprocessing = 0;
		};
/* End PBXFrameworksBuildPhase section */

/* Begin PBXGroup section */
		271A83DA1DF7982D000831AC = {
			isa = PBXGroup;
			children = (
				271A83E51DF7982D000831AC /* FindSanta */,
				271A83E41DF7982D000831AC /* Products */,
			);
			sourceTree = "<group>";
		};
		271A83E41DF7982D000831AC /* Products */ = {
			isa = PBXGroup;
			children = (
				271A83E31DF7982D000831AC /* FindSanta.app */,
			);
			name = Products;
			sourceTree = "<group>";
		};
		271A83E51DF7982D000831AC /* FindSanta */ = {
			isa = PBXGroup;
			children = (
				271A83E61DF7982D000831AC /* AppDelegate.swift */,
				271A83E81DF7982D000831AC /* ViewController.swift */,
				271A83EA1DF7982D000831AC /* Main.storyboard */,
				271A83ED1DF7982D000831AC /* Assets.xcassets */,
				271A83EF1DF7982E000831AC /* LaunchScreen.storyboard */,
				271A83F21DF7982E000831AC /* Info.plist */,
			);
			path = FindSanta;
			sourceTree = "<group>";
		};
/* End PBXGroup section */

/* Begin PBXNativeTarget section */
		271A83E21DF7982D000831AC /* FindSanta */ = {
			isa = PBXNativeTarget;
			buildConfigurationList = 271A83F51DF7982E000831AC /* Build configuration list for PBXNativeTarget "FindSanta" */;
			buildPhases = (
				271A83DF1DF7982D000831AC /* Sources */,
				271A83E01DF7982D000831AC /* Frameworks */,
				271A83E11DF7982D000831AC /* Resources */,
			);
			buildRules = (
			);
			dependencies = (
			);
			name = FindSanta;
			productName = FindSanta;
			productReference = 271A83E31DF7982D000831AC /* FindSanta.app */;
			productType = "com.apple.product-type.application";
		};
/* End PBXNativeTarget section */

/* Begin PBXProject section */
		271A83DB1DF7982D000831AC /* Project object */ = {
			isa = PBXProject;
			attributes = {
				LastSwiftUpdateCheck = 0810;
				LastUpgradeCheck = 0810;
				ORGANIZATIONNAME = "Chappy-App";
				TargetAttributes = {
					271A83E21DF7982D000831AC = {
						CreatedOnToolsVersion = 8.1;
						DevelopmentTeam = 4WU9L65MXB;
						ProvisioningStyle = Automatic;
					};
				};
			};
			buildConfigurationList = 271A83DE1DF7982D000831AC /* Build configuration list for PBXProject "FindSanta" */;
			compatibilityVersion = "Xcode 3.2";
			developmentRegion = English;
			hasScannedForEncodings = 0;
			knownRegions = (
				en,
				Base,
			);
			mainGroup = 271A83DA1DF7982D000831AC;
			productRefGroup = 271A83E41DF7982D000831AC /* Products */;
			projectDirPath = "";
			projectRoot = "";
			targets = (
				271A83E21DF7982D000831AC /* FindSanta */,
			);
		};
/* End PBXProject section */

/* Begin PBXResourcesBuildPhase section */
		271A83E11DF7982D000831AC /* Resources */ = {
			isa = PBXResourcesBuildPhase;
			buildActionMask = 2147483647;
			files = (
				271A83F11DF7982E000831AC /* LaunchScreen.storyboard in Resources */,
				271A83EE1DF7982D000831AC /* Assets.xcassets in Resources */,
				271A83EC1DF7982D000831AC /* Main.storyboard in Resources */,
			);
			runOnlyForDeploymentPostprocessing = 0;
		};
/* End PBXResourcesBuildPhase section */

/* Begin PBXSourcesBuildPhase section */
		271A83DF1DF7982D000831AC /* Sources */ = {
			isa = PBXSourcesBuildPhase;
			buildActionMask = 2147483647;
			files = (
				271A83E91DF7982D000831AC /* ViewController.swift in Sources */,
				271A83E71DF7982D000831AC /* AppDelegate.swift in Sources */,
			);
			runOnlyForDeploymentPostprocessing = 0;
		};
/* End PBXSourcesBuildPhase section */

/* Begin PBXVariantGroup section */
		271A83EA1DF7982D000831AC /* Main.storyboard */ = {
			isa = PBXVariantGroup;
			children = (
				271A83EB1DF7982D000831AC /* Base */,
			);
			name = Main.storyboard;
			sourceTree = "<group>";
		};
		271A83EF1DF7982E000831AC /* LaunchScreen.storyboard */ = {
			isa = PBXVariantGroup;
			children = (
				271A83F01DF7982E000831AC /* Base */,
			);
			name = LaunchScreen.storyboard;
			sourceTree = "<group>";
		};
/* End PBXVariantGroup section */

/* Begin XCBuildConfiguration section */
		271A83F31DF7982E000831AC /* Debug */ = {
			isa = XCBuildConfiguration;
			buildSettings = {
				ALWAYS_SEARCH_USER_PATHS = NO;
				CLANG_ANALYZER_NONNULL = YES;
				CLANG_CXX_LANGUAGE_STANDARD = "gnu++0x";
				CLANG_CXX_LIBRARY = "libc++";
				CLANG_ENABLE_MODULES = YES;
				CLANG_ENABLE_OBJC_ARC = YES;
				CLANG_WARN_BOOL_CONVERSION = YES;
				CLANG_WARN_CONSTANT_CONVERSION = YES;
				CLANG_WARN_DIRECT_OBJC_ISA_USAGE = YES_ERROR;
				CLANG_WARN_DOCUMENTATION_COMMENTS = YES;
				CLANG_WARN_EMPTY_BODY = YES;
				CLANG_WARN_ENUM_CONVERSION = YES;
				CLANG_WARN_INFINITE_RECURSION = YES;
				CLANG_WARN_INT_CONVERSION = YES;
				CLANG_WARN_OBJC_ROOT_CLASS = YES_ERROR;
				CLANG_WARN_SUSPICIOUS_MOVES = YES;
				CLANG_WARN_UNREACHABLE_CODE = YES;
				CLANG_WARN__DUPLICATE_METHOD_MATCH = YES;
				"CODE_SIGN_IDENTITY[sdk=iphoneos*]" = "iPhone Developer";
				COPY_PHASE_STRIP = NO;
				DEBUG_INFORMATION_FORMAT = dwarf;
				ENABLE_STRICT_OBJC_MSGSEND = YES;
				ENABLE_TESTABILITY = YES;
				GCC_C_LANGUAGE_STANDARD = gnu99;
				GCC_DYNAMIC_NO_PIC = NO;
				GCC_NO_COMMON_BLOCKS = YES;
				GCC_OPTIMIZATION_LEVEL = 0;
				GCC_PREPROCESSOR_DEFINITIONS = (
					"DEBUG=1",
					"$(inherited)",
				);
				GCC_WARN_64_TO_32_BIT_CONVERSION = YES;
				GCC_WARN_ABOUT_RETURN_TYPE = YES_ERROR;
				GCC_WARN_UNDECLARED_SELECTOR = YES;
				GCC_WARN_UNINITIALIZED_AUTOS = YES_AGGRESSIVE;
				GCC_WARN_UNUSED_FUNCTION = YES;
				GCC_WARN_UNUSED_VARIABLE = YES;
				IPHONEOS_DEPLOYMENT_TARGET = 10.1;
				MTL_ENABLE_DEBUG_INFO = YES;
				ONLY_ACTIVE_ARCH = YES;
				SDKROOT = iphoneos;
				SWIFT_ACTIVE_COMPILATION_CONDITIONS = DEBUG;
				SWIFT_OPTIMIZATION_LEVEL = "-Onone";
			};
			name = Debug;
		};
		271A83F41DF7982E000831AC /* Release */ = {
			isa = XCBuildConfiguration;
			buildSettings = {
				ALWAYS_SEARCH_USER_PATHS = NO;
				CLANG_ANALYZER_NONNULL = YES;
				CLANG_CXX_LANGUAGE_STANDARD = "gnu++0x";
				CLANG_CXX_LIBRARY = "libc++";
				CLANG_ENABLE_MODULES = YES;
				CLANG_ENABLE_OBJC_ARC = YES;
				CLANG_WARN_BOOL_CONVERSION = YES;
				CLANG_WARN_CONSTANT_CONVERSION = YES;
				CLANG_WARN_DIRECT_OBJC_ISA_USAGE = YES_ERROR;
				CLANG_WARN_DOCUMENTATION_COMMENTS = YES;
				CLANG_WARN_EMPTY_BODY = YES;
				CLANG_WARN_ENUM_CONVERSION = YES;
				CLANG_WARN_INFINITE_RECURSION = YES;
				CLANG_WARN_INT_CONVERSION = YES;
				CLANG_WARN_OBJC_ROOT_CLASS = YES_ERROR;
				CLANG_WARN_SUSPICIOUS_MOVES = YES;
				CLANG_WARN_UNREACHABLE_CODE = YES;
				CLANG_WARN__DUPLICATE_METHOD_MATCH = YES;
				"CODE_SIGN_IDENTITY[sdk=iphoneos*]" = "iPhone Developer";
				COPY_PHASE_STRIP = NO;
				DEBUG_INFORMATION_FORMAT = "dwarf-with-dsym";
				ENABLE_NS_ASSERTIONS = NO;
				ENABLE_STRICT_OBJC_MSGSEND = YES;
				GCC_C_LANGUAGE_STANDARD = gnu99;
				GCC_NO_COMMON_BLOCKS = YES;
				GCC_WARN_64_TO_32_BIT_CONVERSION = YES;
				GCC_WARN_ABOUT_RETURN_TYPE = YES_ERROR;
				GCC_WARN_UNDECLARED_SELECTOR = YES;
				GCC_WARN_UNINITIALIZED_AUTOS = YES_AGGRESSIVE;
				GCC_WARN_UNUSED_FUNCTION = YES;
				GCC_WARN_UNUSED_VARIABLE = YES;
				IPHONEOS_DEPLOYMENT_TARGET = 10.1;
				MTL_ENABLE_DEBUG_INFO = NO;
				SDKROOT = iphoneos;
				SWIFT_OPTIMIZATION_LEVEL = "-Owholemodule";
				VALIDATE_PRODUCT = YES;
			};
			name = Release;
		};
		271A83F61DF7982E000831AC /* Debug */ = {
			isa = XCBuildConfiguration;
			buildSettings = {
				ASSETCATALOG_COMPILER_APPICON_NAME = AppIcon;
				DEVELOPMENT_TEAM = 4WU9L65MXB;
				INFOPLIST_FILE = FindSanta/Info.plist;
				LD_RUNPATH_SEARCH_PATHS = "$(inherited) @executable_path/Frameworks";
				PRODUCT_BUNDLE_IDENTIFIER = "com.Chappy-App.FindSanta";
				PRODUCT_NAME = "$(TARGET_NAME)";
				SWIFT_VERSION = 3.0;
			};
			name = Debug;
		};
		271A83F71DF7982E000831AC /* Release */ = {
			isa = XCBuildConfiguration;
			buildSettings = {
				ASSETCATALOG_COMPILER_APPICON_NAME = AppIcon;
				DEVELOPMENT_TEAM = 4WU9L65MXB;
				INFOPLIST_FILE = FindSanta/Info.plist;
				LD_RUNPATH_SEARCH_PATHS = "$(inherited) @executable_path/Frameworks";
				PRODUCT_BUNDLE_IDENTIFIER = "com.Chappy-App.FindSanta";
				PRODUCT_NAME = "$(TARGET_NAME)";
				SWIFT_VERSION = 3.0;
			};
			name = Release;
		};
/* End XCBuildConfiguration section */

/* Begin XCConfigurationList section */
		271A83DE1DF7982D000831AC /* Build configuration list for PBXProject "FindSanta" */ = {
			isa = XCConfigurationList;
			buildConfigurations = (
				271A83F31DF7982E000831AC /* Debug */,
				271A83F41DF7982E000831AC /* Release */,
			);
			defaultConfigurationIsVisible = 0;
			defaultConfigurationName = Release;
		};
		271A83F51DF7982E000831AC /* Build configuration list for PBXNativeTarget "FindSanta" */ = {
			isa = XCConfigurationList;
			buildConfigurations = (
				271A83F61DF7982E000831AC /* Debug */,
				271A83F71DF7982E000831AC /* Release */,
			);
			defaultConfigurationIsVisible = 0;
		};
/* End XCConfigurationList section */
	};
	rootObject = 271A83DB1DF7982D000831AC /* Project object */;
}
