// !$*UTF8*$!
{
	archiveVersion = 1;
	classes = {
	};
	objectVersion = 46;
	objects = {

/* Begin PBXBuildFile section */
		271A83E71DF7982D000831AC /* AppDelegate.swift in Sources */ = {isa = PBXBuildFile; fileRef = 271A83E61DF7982D000831AC /* AppDelegate.swift */; };
		271A83EE1DF7982D000831AC /* Assets.xcassets in Resources */ = {isa = PBXBuildFile; fileRef = 271A83ED1DF7982D000831AC /* Assets.xcassets */; };
		271A83F11DF7982E000831AC /* LaunchScreen.storyboard in Resources */ = {isa = PBXBuildFile; fileRef = 271A83EF1DF7982E000831AC /* LaunchScreen.storyboard */; };
		271A83F91DF79854000831AC /* Main.storyboard in Resources */ = {isa = PBXBuildFile; fileRef = 271A83F81DF79854000831AC /* Main.storyboard */; };
		271A84001DF79956000831AC /* Santa.swift in Sources */ = {isa = PBXBuildFile; fileRef = 271A83FF1DF79956000831AC /* Santa.swift */; };
		271A84021DF7995C000831AC /* MapManager.swift in Sources */ = {isa = PBXBuildFile; fileRef = 271A84011DF7995C000831AC /* MapManager.swift */; };
		271A84041DF79964000831AC /* FindSantaViewController.swift in Sources */ = {isa = PBXBuildFile; fileRef = 271A84031DF79964000831AC /* FindSantaViewController.swift */; };
		271A84061DF7996A000831AC /* Location.swift in Sources */ = {isa = PBXBuildFile; fileRef = 271A84051DF7996A000831AC /* Location.swift */; };
		27B7402E1E0C5ECF0047F51A /* SantaRealmManager.swift in Sources */ = {isa = PBXBuildFile; fileRef = 27B7402D1E0C5ECF0047F51A /* SantaRealmManager.swift */; };
		27C28E171DFF173400EB9A9A /* Stop.swift in Sources */ = {isa = PBXBuildFile; fileRef = 27C28E161DFF173400EB9A9A /* Stop.swift */; };
		27C28E191DFF1D3B00EB9A9A /* Activity.swift in Sources */ = {isa = PBXBuildFile; fileRef = 27C28E181DFF1D3B00EB9A9A /* Activity.swift */; };
		27E00FCF1DF79B80001CC710 /* MapKit.framework in Frameworks */ = {isa = PBXBuildFile; fileRef = 27E00FCE1DF79B80001CC710 /* MapKit.framework */; };
		9E4D64990982CCF5EB47A113 /* Pods_FindSanta.framework in Frameworks */ = {isa = PBXBuildFile; fileRef = EC5B8DFC37C22A03CC579794 /* Pods_FindSanta.framework */; };
/* End PBXBuildFile section */

/* Begin PBXFileReference section */
		271A83E31DF7982D000831AC /* FindSanta.app */ = {isa = PBXFileReference; explicitFileType = wrapper.application; includeInIndex = 0; path = FindSanta.app; sourceTree = BUILT_PRODUCTS_DIR; };
		271A83E61DF7982D000831AC /* AppDelegate.swift */ = {isa = PBXFileReference; lastKnownFileType = sourcecode.swift; path = AppDelegate.swift; sourceTree = "<group>"; };
		271A83ED1DF7982D000831AC /* Assets.xcassets */ = {isa = PBXFileReference; lastKnownFileType = folder.assetcatalog; path = Assets.xcassets; sourceTree = "<group>"; };
		271A83F01DF7982E000831AC /* Base */ = {isa = PBXFileReference; lastKnownFileType = file.storyboard; name = Base; path = Base.lproj/LaunchScreen.storyboard; sourceTree = "<group>"; };
		271A83F21DF7982E000831AC /* Info.plist */ = {isa = PBXFileReference; lastKnownFileType = text.plist.xml; path = Info.plist; sourceTree = "<group>"; };
		271A83F81DF79854000831AC /* Main.storyboard */ = {isa = PBXFileReference; fileEncoding = 4; lastKnownFileType = file.storyboard; path = Main.storyboard; sourceTree = "<group>"; };
		271A83FF1DF79956000831AC /* Santa.swift */ = {isa = PBXFileReference; fileEncoding = 4; lastKnownFileType = sourcecode.swift; name = Santa.swift; path = ../Santa.swift; sourceTree = "<group>"; };
		271A84011DF7995C000831AC /* MapManager.swift */ = {isa = PBXFileReference; fileEncoding = 4; lastKnownFileType = sourcecode.swift; name = MapManager.swift; path = ../MapManager.swift; sourceTree = "<group>"; };
		271A84031DF79964000831AC /* FindSantaViewController.swift */ = {isa = PBXFileReference; fileEncoding = 4; lastKnownFileType = sourcecode.swift; path = FindSantaViewController.swift; sourceTree = SOURCE_ROOT; };
		271A84051DF7996A000831AC /* Location.swift */ = {isa = PBXFileReference; fileEncoding = 4; lastKnownFileType = sourcecode.swift; name = Location.swift; path = ../Location.swift; sourceTree = "<group>"; };
		27B7402D1E0C5ECF0047F51A /* SantaRealmManager.swift */ = {isa = PBXFileReference; fileEncoding = 4; lastKnownFileType = sourcecode.swift; path = SantaRealmManager.swift; sourceTree = "<group>"; };
		27B7402F1E0C7FE30047F51A /* FindSanta.entitlements */ = {isa = PBXFileReference; lastKnownFileType = text.plist.entitlements; path = FindSanta.entitlements; sourceTree = "<group>"; };
		27C28E161DFF173400EB9A9A /* Stop.swift */ = {isa = PBXFileReference; fileEncoding = 4; lastKnownFileType = sourcecode.swift; path = Stop.swift; sourceTree = "<group>"; };
		27C28E181DFF1D3B00EB9A9A /* Activity.swift */ = {isa = PBXFileReference; fileEncoding = 4; lastKnownFileType = sourcecode.swift; path = Activity.swift; sourceTree = "<group>"; };
		27E00FCE1DF79B80001CC710 /* MapKit.framework */ = {isa = PBXFileReference; lastKnownFileType = wrapper.framework; name = MapKit.framework; path = System/Library/Frameworks/MapKit.framework; sourceTree = SDKROOT; };
		E3C1C0329935A1D7A0A059C9 /* Pods-FindSanta.release.xcconfig */ = {isa = PBXFileReference; includeInIndex = 1; lastKnownFileType = text.xcconfig; name = "Pods-FindSanta.release.xcconfig"; path = "Pods/Target Support Files/Pods-FindSanta/Pods-FindSanta.release.xcconfig"; sourceTree = "<group>"; };
		EC5B8DFC37C22A03CC579794 /* Pods_FindSanta.framework */ = {isa = PBXFileReference; explicitFileType = wrapper.framework; includeInIndex = 0; path = Pods_FindSanta.framework; sourceTree = BUILT_PRODUCTS_DIR; };
		F4ED2DD2F271024F873ABEAF /* Pods-FindSanta.debug.xcconfig */ = {isa = PBXFileReference; includeInIndex = 1; lastKnownFileType = text.xcconfig; name = "Pods-FindSanta.debug.xcconfig"; path = "Pods/Target Support Files/Pods-FindSanta/Pods-FindSanta.debug.xcconfig"; sourceTree = "<group>"; };
/* End PBXFileReference section */

/* Begin PBXFrameworksBuildPhase section */
		271A83E01DF7982D000831AC /* Frameworks */ = {
			isa = PBXFrameworksBuildPhase;
			buildActionMask = 2147483647;
			files = (
				27E00FCF1DF79B80001CC710 /* MapKit.framework in Frameworks */,
				9E4D64990982CCF5EB47A113 /* Pods_FindSanta.framework in Frameworks */,
			);
			runOnlyForDeploymentPostprocessing = 0;
		};
/* End PBXFrameworksBuildPhase section */

/* Begin PBXGroup section */
		271A83DA1DF7982D000831AC = {
			isa = PBXGroup;
			children = (
				271A83E51DF7982D000831AC /* FindSanta */,
				271A83E41DF7982D000831AC /* Products */,
				AA08DD0C5BE427EBFFEB3AE8 /* Pods */,
				3AF365C2409D8E42C3C9B322 /* Frameworks */,
			);
			sourceTree = "<group>";
		};
		271A83E41DF7982D000831AC /* Products */ = {
			isa = PBXGroup;
			children = (
				271A83E31DF7982D000831AC /* FindSanta.app */,
			);
			name = Products;
			sourceTree = "<group>";
		};
		271A83E51DF7982D000831AC /* FindSanta */ = {
			isa = PBXGroup;
			children = (
				27B7402F1E0C7FE30047F51A /* FindSanta.entitlements */,
				271A83FE1DF798B1000831AC /* Utils */,
				271A83FD1DF798A2000831AC /* Constants */,
				271A83FC1DF7989B000831AC /* Model */,
				271A83FB1DF79891000831AC /* View */,
				271A83FA1DF7987E000831AC /* Controller */,
				271A83F81DF79854000831AC /* Main.storyboard */,
				271A83E61DF7982D000831AC /* AppDelegate.swift */,
				271A84031DF79964000831AC /* FindSantaViewController.swift */,
				271A83ED1DF7982D000831AC /* Assets.xcassets */,
				271A83EF1DF7982E000831AC /* LaunchScreen.storyboard */,
				271A83F21DF7982E000831AC /* Info.plist */,
				27B7402D1E0C5ECF0047F51A /* SantaRealmManager.swift */,
			);
			path = FindSanta;
			sourceTree = "<group>";
		};
		271A83FA1DF7987E000831AC /* Controller */ = {
			isa = PBXGroup;
			children = (
			);
			name = Controller;
			sourceTree = "<group>";
		};
		271A83FB1DF79891000831AC /* View */ = {
			isa = PBXGroup;
			children = (
			);
			name = View;
			sourceTree = "<group>";
		};
		271A83FC1DF7989B000831AC /* Model */ = {
			isa = PBXGroup;
			children = (
				271A83FF1DF79956000831AC /* Santa.swift */,
				271A84011DF7995C000831AC /* MapManager.swift */,
				271A84051DF7996A000831AC /* Location.swift */,
				27C28E161DFF173400EB9A9A /* Stop.swift */,
				27C28E181DFF1D3B00EB9A9A /* Activity.swift */,
			);
			name = Model;
			sourceTree = "<group>";
		};
		271A83FD1DF798A2000831AC /* Constants */ = {
			isa = PBXGroup;
			children = (
			);
			name = Constants;
			sourceTree = "<group>";
		};
		271A83FE1DF798B1000831AC /* Utils */ = {
			isa = PBXGroup;
			children = (
			);
			name = Utils;
			sourceTree = "<group>";
		};
		3AF365C2409D8E42C3C9B322 /* Frameworks */ = {
			isa = PBXGroup;
			children = (
				27E00FCE1DF79B80001CC710 /* MapKit.framework */,
				EC5B8DFC37C22A03CC579794 /* Pods_FindSanta.framework */,
			);
			name = Frameworks;
			sourceTree = "<group>";
		};
		AA08DD0C5BE427EBFFEB3AE8 /* Pods */ = {
			isa = PBXGroup;
			children = (
				F4ED2DD2F271024F873ABEAF /* Pods-FindSanta.debug.xcconfig */,
				E3C1C0329935A1D7A0A059C9 /* Pods-FindSanta.release.xcconfig */,
			);
			name = Pods;
			sourceTree = "<group>";
		};
/* End PBXGroup section */

/* Begin PBXNativeTarget section */
		271A83E21DF7982D000831AC /* FindSanta */ = {
			isa = PBXNativeTarget;
			buildConfigurationList = 271A83F51DF7982E000831AC /* Build configuration list for PBXNativeTarget "FindSanta" */;
			buildPhases = (
				769DE39EC8438331DDE09C59 /* [CP] Check Pods Manifest.lock */,
				271A83DF1DF7982D000831AC /* Sources */,
				271A83E01DF7982D000831AC /* Frameworks */,
				271A83E11DF7982D000831AC /* Resources */,
				231ABB9B2F926EE221A78210 /* [CP] Embed Pods Frameworks */,
				FE3EA4491A0D952F90C0E4CB /* [CP] Copy Pods Resources */,
			);
			buildRules = (
			);
			dependencies = (
			);
			name = FindSanta;
			productName = FindSanta;
			productReference = 271A83E31DF7982D000831AC /* FindSanta.app */;
			productType = "com.apple.product-type.application";
		};
/* End PBXNativeTarget section */

/* Begin PBXProject section */
		271A83DB1DF7982D000831AC /* Project object */ = {
			isa = PBXProject;
			attributes = {
				LastSwiftUpdateCheck = 0810;
				LastUpgradeCheck = 0820;
				ORGANIZATIONNAME = "Chappy-App";
				TargetAttributes = {
					271A83E21DF7982D000831AC = {
						CreatedOnToolsVersion = 8.1;
						DevelopmentTeam = 4WU9L65MXB;
						ProvisioningStyle = Automatic;
						SystemCapabilities = {
							com.apple.Keychain = {
								enabled = 1;
							};
							com.apple.Maps.iOS = {
								enabled = 1;
							};
						};
					};
				};
			};
			buildConfigurationList = 271A83DE1DF7982D000831AC /* Build configuration list for PBXProject "FindSanta" */;
			compatibilityVersion = "Xcode 3.2";
			developmentRegion = English;
			hasScannedForEncodings = 0;
			knownRegions = (
				en,
				Base,
			);
			mainGroup = 271A83DA1DF7982D000831AC;
			productRefGroup = 271A83E41DF7982D000831AC /* Products */;
			projectDirPath = "";
			projectRoot = "";
			targets = (
				271A83E21DF7982D000831AC /* FindSanta */,
			);
		};
/* End PBXProject section */

/* Begin PBXResourcesBuildPhase section */
		271A83E11DF7982D000831AC /* Resources */ = {
			isa = PBXResourcesBuildPhase;
			buildActionMask = 2147483647;
			files = (
				271A83F91DF79854000831AC /* Main.storyboard in Resources */,
				271A83F11DF7982E000831AC /* LaunchScreen.storyboard in Resources */,
				271A83EE1DF7982D000831AC /* Assets.xcassets in Resources */,
			);
			runOnlyForDeploymentPostprocessing = 0;
		};
/* End PBXResourcesBuildPhase section */

/* Begin PBXShellScriptBuildPhase section */
		231ABB9B2F926EE221A78210 /* [CP] Embed Pods Frameworks */ = {
			isa = PBXShellScriptBuildPhase;
			buildActionMask = 2147483647;
			files = (
			);
			inputPaths = (
			);
			name = "[CP] Embed Pods Frameworks";
			outputPaths = (
			);
			runOnlyForDeploymentPostprocessing = 0;
			shellPath = /bin/sh;
			shellScript = "\"${SRCROOT}/Pods/Target Support Files/Pods-FindSanta/Pods-FindSanta-frameworks.sh\"\n";
			showEnvVarsInLog = 0;
		};
		769DE39EC8438331DDE09C59 /* [CP] Check Pods Manifest.lock */ = {
			isa = PBXShellScriptBuildPhase;
			buildActionMask = 2147483647;
			files = (
			);
			inputPaths = (
			);
			name = "[CP] Check Pods Manifest.lock";
			outputPaths = (
			);
			runOnlyForDeploymentPostprocessing = 0;
			shellPath = /bin/sh;
			shellScript = "diff \"${PODS_ROOT}/../Podfile.lock\" \"${PODS_ROOT}/Manifest.lock\" > /dev/null\nif [ $? != 0 ] ; then\n    # print error to STDERR\n    echo \"error: The sandbox is not in sync with the Podfile.lock. Run 'pod install' or update your CocoaPods installation.\" >&2\n    exit 1\nfi\n";
			showEnvVarsInLog = 0;
		};
		FE3EA4491A0D952F90C0E4CB /* [CP] Copy Pods Resources */ = {
			isa = PBXShellScriptBuildPhase;
			buildActionMask = 2147483647;
			files = (
			);
			inputPaths = (
			);
			name = "[CP] Copy Pods Resources";
			outputPaths = (
			);
			runOnlyForDeploymentPostprocessing = 0;
			shellPath = /bin/sh;
			shellScript = "\"${SRCROOT}/Pods/Target Support Files/Pods-FindSanta/Pods-FindSanta-resources.sh\"\n";
			showEnvVarsInLog = 0;
		};
/* End PBXShellScriptBuildPhase section */

/* Begin PBXSourcesBuildPhase section */
		271A83DF1DF7982D000831AC /* Sources */ = {
			isa = PBXSourcesBuildPhase;
			buildActionMask = 2147483647;
			files = (
				271A84021DF7995C000831AC /* MapManager.swift in Sources */,
				271A83E71DF7982D000831AC /* AppDelegate.swift in Sources */,
				27C28E191DFF1D3B00EB9A9A /* Activity.swift in Sources */,
				271A84001DF79956000831AC /* Santa.swift in Sources */,
				271A84061DF7996A000831AC /* Location.swift in Sources */,
				27B7402E1E0C5ECF0047F51A /* SantaRealmManager.swift in Sources */,
				271A84041DF79964000831AC /* FindSantaViewController.swift in Sources */,
				27C28E171DFF173400EB9A9A /* Stop.swift in Sources */,
			);
			runOnlyForDeploymentPostprocessing = 0;
		};
/* End PBXSourcesBuildPhase section */

/* Begin PBXVariantGroup section */
		271A83EF1DF7982E000831AC /* LaunchScreen.storyboard */ = {
			isa = PBXVariantGroup;
			children = (
				271A83F01DF7982E000831AC /* Base */,
			);
			name = LaunchScreen.storyboard;
			sourceTree = "<group>";
		};
/* End PBXVariantGroup section */

/* Begin XCBuildConfiguration section */
		271A83F31DF7982E000831AC /* Debug */ = {
			isa = XCBuildConfiguration;
			buildSettings = {
				ALWAYS_SEARCH_USER_PATHS = NO;
				CLANG_ANALYZER_NONNULL = YES;
				CLANG_CXX_LANGUAGE_STANDARD = "gnu++0x";
				CLANG_CXX_LIBRARY = "libc++";
				CLANG_ENABLE_MODULES = YES;
				CLANG_ENABLE_OBJC_ARC = YES;
				CLANG_WARN_BOOL_CONVERSION = YES;
				CLANG_WARN_CONSTANT_CONVERSION = YES;
				CLANG_WARN_DIRECT_OBJC_ISA_USAGE = YES_ERROR;
				CLANG_WARN_DOCUMENTATION_COMMENTS = YES;
				CLANG_WARN_EMPTY_BODY = YES;
				CLANG_WARN_ENUM_CONVERSION = YES;
				CLANG_WARN_INFINITE_RECURSION = YES;
				CLANG_WARN_INT_CONVERSION = YES;
				CLANG_WARN_OBJC_ROOT_CLASS = YES_ERROR;
				CLANG_WARN_SUSPICIOUS_MOVE = YES;
				CLANG_WARN_SUSPICIOUS_MOVES = YES;
				CLANG_WARN_UNREACHABLE_CODE = YES;
				CLANG_WARN__DUPLICATE_METHOD_MATCH = YES;
				"CODE_SIGN_IDENTITY[sdk=iphoneos*]" = "iPhone Developer";
				COPY_PHASE_STRIP = NO;
				DEBUG_INFORMATION_FORMAT = dwarf;
				ENABLE_STRICT_OBJC_MSGSEND = YES;
				ENABLE_TESTABILITY = YES;
				GCC_C_LANGUAGE_STANDARD = gnu99;
				GCC_DYNAMIC_NO_PIC = NO;
				GCC_NO_COMMON_BLOCKS = YES;
				GCC_OPTIMIZATION_LEVEL = 0;
				GCC_PREPROCESSOR_DEFINITIONS = (
					"DEBUG=1",
					"$(inherited)",
				);
				GCC_WARN_64_TO_32_BIT_CONVERSION = YES;
				GCC_WARN_ABOUT_RETURN_TYPE = YES_ERROR;
				GCC_WARN_UNDECLARED_SELECTOR = YES;
				GCC_WARN_UNINITIALIZED_AUTOS = YES_AGGRESSIVE;
				GCC_WARN_UNUSED_FUNCTION = YES;
				GCC_WARN_UNUSED_VARIABLE = YES;
				IPHONEOS_DEPLOYMENT_TARGET = 10.1;
				MTL_ENABLE_DEBUG_INFO = YES;
				ONLY_ACTIVE_ARCH = YES;
				SDKROOT = iphoneos;
				SWIFT_ACTIVE_COMPILATION_CONDITIONS = DEBUG;
				SWIFT_OPTIMIZATION_LEVEL = "-Onone";
			};
			name = Debug;
		};
		271A83F41DF7982E000831AC /* Release */ = {
			isa = XCBuildConfiguration;
			buildSettings = {
				ALWAYS_SEARCH_USER_PATHS = NO;
				CLANG_ANALYZER_NONNULL = YES;
				CLANG_CXX_LANGUAGE_STANDARD = "gnu++0x";
				CLANG_CXX_LIBRARY = "libc++";
				CLANG_ENABLE_MODULES = YES;
				CLANG_ENABLE_OBJC_ARC = YES;
				CLANG_WARN_BOOL_CONVERSION = YES;
				CLANG_WARN_CONSTANT_CONVERSION = YES;
				CLANG_WARN_DIRECT_OBJC_ISA_USAGE = YES_ERROR;
				CLANG_WARN_DOCUMENTATION_COMMENTS = YES;
				CLANG_WARN_EMPTY_BODY = YES;
				CLANG_WARN_ENUM_CONVERSION = YES;
				CLANG_WARN_INFINITE_RECURSION = YES;
				CLANG_WARN_INT_CONVERSION = YES;
				CLANG_WARN_OBJC_ROOT_CLASS = YES_ERROR;
				CLANG_WARN_SUSPICIOUS_MOVE = YES;
				CLANG_WARN_SUSPICIOUS_MOVES = YES;
				CLANG_WARN_UNREACHABLE_CODE = YES;
				CLANG_WARN__DUPLICATE_METHOD_MATCH = YES;
				"CODE_SIGN_IDENTITY[sdk=iphoneos*]" = "iPhone Developer";
				COPY_PHASE_STRIP = NO;
				DEBUG_INFORMATION_FORMAT = "dwarf-with-dsym";
				ENABLE_NS_ASSERTIONS = NO;
				ENABLE_STRICT_OBJC_MSGSEND = YES;
				GCC_C_LANGUAGE_STANDARD = gnu99;
				GCC_NO_COMMON_BLOCKS = YES;
				GCC_WARN_64_TO_32_BIT_CONVERSION = YES;
				GCC_WARN_ABOUT_RETURN_TYPE = YES_ERROR;
				GCC_WARN_UNDECLARED_SELECTOR = YES;
				GCC_WARN_UNINITIALIZED_AUTOS = YES_AGGRESSIVE;
				GCC_WARN_UNUSED_FUNCTION = YES;
				GCC_WARN_UNUSED_VARIABLE = YES;
				IPHONEOS_DEPLOYMENT_TARGET = 10.1;
				MTL_ENABLE_DEBUG_INFO = NO;
				SDKROOT = iphoneos;
				SWIFT_OPTIMIZATION_LEVEL = "-Owholemodule";
				VALIDATE_PRODUCT = YES;
			};
			name = Release;
		};
		271A83F61DF7982E000831AC /* Debug */ = {
			isa = XCBuildConfiguration;
			baseConfigurationReference = F4ED2DD2F271024F873ABEAF /* Pods-FindSanta.debug.xcconfig */;
			buildSettings = {
				ASSETCATALOG_COMPILER_APPICON_NAME = AppIcon;
				CODE_SIGN_ENTITLEMENTS = FindSanta/FindSanta.entitlements;
				DEVELOPMENT_TEAM = 4WU9L65MXB;
				INFOPLIST_FILE = FindSanta/Info.plist;
				LD_RUNPATH_SEARCH_PATHS = "$(inherited) @executable_path/Frameworks";
				PRODUCT_BUNDLE_IDENTIFIER = "com.Chappy-App.FindSanta";
				PRODUCT_NAME = "$(TARGET_NAME)";
				SWIFT_VERSION = 3.0;
			};
			name = Debug;
		};
		271A83F71DF7982E000831AC /* Release */ = {
			isa = XCBuildConfiguration;
			baseConfigurationReference = E3C1C0329935A1D7A0A059C9 /* Pods-FindSanta.release.xcconfig */;
			buildSettings = {
				ASSETCATALOG_COMPILER_APPICON_NAME = AppIcon;
				CODE_SIGN_ENTITLEMENTS = FindSanta/FindSanta.entitlements;
				DEVELOPMENT_TEAM = 4WU9L65MXB;
				INFOPLIST_FILE = FindSanta/Info.plist;
				LD_RUNPATH_SEARCH_PATHS = "$(inherited) @executable_path/Frameworks";
				PRODUCT_BUNDLE_IDENTIFIER = "com.Chappy-App.FindSanta";
				PRODUCT_NAME = "$(TARGET_NAME)";
				SWIFT_VERSION = 3.0;
			};
			name = Release;
		};
/* End XCBuildConfiguration section */

/* Begin XCConfigurationList section */
		271A83DE1DF7982D000831AC /* Build configuration list for PBXProject "FindSanta" */ = {
			isa = XCConfigurationList;
			buildConfigurations = (
				271A83F31DF7982E000831AC /* Debug */,
				271A83F41DF7982E000831AC /* Release */,
			);
			defaultConfigurationIsVisible = 0;
			defaultConfigurationName = Release;
		};
		271A83F51DF7982E000831AC /* Build configuration list for PBXNativeTarget "FindSanta" */ = {
			isa = XCConfigurationList;
			buildConfigurations = (
				271A83F61DF7982E000831AC /* Debug */,
				271A83F71DF7982E000831AC /* Release */,
			);
			defaultConfigurationIsVisible = 0;
			defaultConfigurationName = Release;
		};
/* End XCConfigurationList section */
	};
	rootObject = 271A83DB1DF7982D000831AC /* Project object */;
}
